
Microsoft Visual Studio Solution File, Format Version 12.00
# Visual Studio Version 17
VisualStudioVersion = 17.10.35122.118
MinimumVisualStudioVersion = 10.0.40219.1
Project("{FAE04EC0-301F-11D3-BF4B-00C04F79EFBC}") = "University_System", "University_System\University_System.csproj", "{79BDCF41-A204-430C-9549-1E5EF049362A}"
EndProject
Global
	GlobalSection(SolutionConfigurationPlatforms) = preSolution
		Debug|Any CPU = Debug|Any CPU
		Release|Any CPU = Release|Any CPU
	EndGlobalSection
	GlobalSection(ProjectConfigurationPlatforms) = postSolution
		{79BDCF41-A204-430C-9549-1E5EF049362A}.Debug|Any CPU.ActiveCfg = Debug|Any CPU
		{79BDCF41-A204-430C-9549-1E5EF049362A}.Debug|Any CPU.Build.0 = Debug|Any CPU
		{79BDCF41-A204-430C-9549-1E5EF049362A}.Release|Any CPU.ActiveCfg = Release|Any CPU
		{79BDCF41-A204-430C-9549-1E5EF049362A}.Release|Any CPU.Build.0 = Release|Any CPU
	EndGlobalSection
	GlobalSection(SolutionProperties) = preSolution
		HideSolutionNode = FALSE
	EndGlobalSection
	GlobalSection(ExtensibilityGlobals) = postSolution
		SolutionGuid = {8893187C-4FC4-4FF4-AB84-C0023D2E154B}
	EndGlobalSection
EndGlobal
